<Solution>
  <Folder Name="/.github/">
    <File Path=".github/renovate.json" />
  </Folder>
  <Folder Name="/.github/workflows/">
    <File Path=".github/workflows/build-and-test.yml" />
    <File Path=".github/workflows/publish-package.yml" />
  </Folder>
  <Folder Name="/src/">
    <Project Path="src/Soenneker.Compression.XZ.csproj" />
  </Folder>
  <Folder Name="/test/">
    <Project Path="test/Soenneker.Compression.XZ.Tests/Soenneker.Compression.XZ.Tests.csproj" />
  </Folder>
</Solution>
